
Microsoft Visual Studio Solution File, Format Version 12.00
# Visual Studio Version 17
VisualStudioVersion = 17.1.32421.90
MinimumVisualStudioVersion = 10.0.40219.1
Project("{9A19103F-16F7-4668-BE54-9A1E7A4F7556}") = "Extension_Admin", "Tool-Extension-Admin\src\Extension_Admin.csproj", "{BEEAD289-53E3-4250-A9C5-1D8DAF61815A}"
EndProject
Project("{9A19103F-16F7-4668-BE54-9A1E7A4F7556}") = "Console", "Tool-Console\src\Console.csproj", "{9C378086-75E1-4A41-9D7A-3E5F7798B91A}"
EndProject
Project("{B7DD6F7E-DEF8-4E67-B5B7-07EF123DB6F0}") = "Landis_Installer", "Landis-Installer\Landis_Installer.wixproj", "{19B85A59-44B3-4852-8AF8-19CB83B4EC44}"
	ProjectSection(ProjectDependencies) = postProject
		{9C378086-75E1-4A41-9D7A-3E5F7798B91A} = {9C378086-75E1-4A41-9D7A-3E5F7798B91A}
		{BEEAD289-53E3-4250-A9C5-1D8DAF61815A} = {BEEAD289-53E3-4250-A9C5-1D8DAF61815A}
	EndProjectSection
EndProject
Project("{2150E333-8FDC-42A3-9474-1A3956D46DE8}") = "Extensions", "Extensions", "{1E432EFF-124E-470D-99FB-AB09D3CB9BFE}"
EndProject
Project("{2150E333-8FDC-42A3-9474-1A3956D46DE8}") = "Extension-Base-BDA", "Extension-Base-BDA", "{A4970C96-8C1A-4AFF-9672-F13ECC329D62}"
EndProject
Project("{FAE04EC0-301F-11D3-BF4B-00C04F79EFBC}") = "BDA-Climate", "Extensions\Extension-Base-BDA\src\BDA-Climate.csproj", "{786D15F8-9AC5-498F-9CC6-2E2FD345F16D}"
EndProject
Project("{2150E333-8FDC-42A3-9474-1A3956D46DE8}") = "Extension-Base-Fire", "Extension-Base-Fire", "{36A53F70-D663-41AE-8096-074AC8B58C78}"
EndProject
Project("{FAE04EC0-301F-11D3-BF4B-00C04F79EFBC}") = "original-fire", "Extensions\Extension-Base-Fire\src\original-fire.csproj", "{AA98AA9C-BE17-4F14-A7A6-1DEA32B8E7C6}"
EndProject
Project("{2150E333-8FDC-42A3-9474-1A3956D46DE8}") = "Extension-Base-Harvest", "Extension-Base-Harvest", "{F684937F-A69A-4E6D-A9A1-2400178A9157}"
EndProject
Project("{FAE04EC0-301F-11D3-BF4B-00C04F79EFBC}") = "base-harvest", "Extensions\Extension-Base-Harvest\src\base-harvest.csproj", "{EE936AA9-B073-47BF-BA40-EC415FDAE483}"
EndProject
Project("{2150E333-8FDC-42A3-9474-1A3956D46DE8}") = "Extension-Base-Wind", "Extension-Base-Wind", "{BB4C2430-3A1B-4BCA-8E66-BDFCBF03F151}"
EndProject
Project("{FAE04EC0-301F-11D3-BF4B-00C04F79EFBC}") = "original-wind", "Extensions\Extension-Base-Wind\src\original-wind.csproj", "{1ADEED59-70EC-42EE-B445-E013DAC91685}"
EndProject
Project("{2150E333-8FDC-42A3-9474-1A3956D46DE8}") = "Extension-Biomass-Harvest", "Extension-Biomass-Harvest", "{C28C0932-F036-4E63-8F38-CE7620B83092}"
EndProject
Project("{FAE04EC0-301F-11D3-BF4B-00C04F79EFBC}") = "biomass-harvest-ext", "Extensions\Extension-Biomass-Harvest\src\biomass-harvest-ext.csproj", "{1AD07AA4-AADE-4FC7-9160-F2C46F577BDA}"
EndProject
Project("{2150E333-8FDC-42A3-9474-1A3956D46DE8}") = "Extension-Biomass-Succession", "Extension-Biomass-Succession", "{E5CCA5BB-6E58-4B38-8C40-67904704CA89}"
EndProject
Project("{FAE04EC0-301F-11D3-BF4B-00C04F79EFBC}") = "biomass-succession", "Extensions\Extension-Biomass-Succession\src\biomass-succession.csproj", "{DDD2EAAA-39D0-47B1-AE38-16003D216FBC}"
EndProject
Project("{2150E333-8FDC-42A3-9474-1A3956D46DE8}") = "Extension-ForCS-Succession", "Extension-ForCS-Succession", "{4E365613-03C6-4A07-BC53-D6D2AA7EF21C}"
EndProject
Project("{FAE04EC0-301F-11D3-BF4B-00C04F79EFBC}") = "CForCS", "Extensions\Extension-ForCS-Succession\src\CForCS.csproj", "{55425A30-D780-42F0-9222-6FCDA233DFE6}"
EndProject
Global
	GlobalSection(SolutionConfigurationPlatforms) = preSolution
		Debug|Any CPU = Debug|Any CPU
		Debug|x64 = Debug|x64
		Release|Any CPU = Release|Any CPU
		Release|x64 = Release|x64
	EndGlobalSection
	GlobalSection(ProjectConfigurationPlatforms) = postSolution
		{BEEAD289-53E3-4250-A9C5-1D8DAF61815A}.Debug|Any CPU.ActiveCfg = Debug|Any CPU
		{BEEAD289-53E3-4250-A9C5-1D8DAF61815A}.Debug|Any CPU.Build.0 = Debug|Any CPU
		{BEEAD289-53E3-4250-A9C5-1D8DAF61815A}.Debug|x64.ActiveCfg = Debug|Any CPU
		{BEEAD289-53E3-4250-A9C5-1D8DAF61815A}.Debug|x64.Build.0 = Debug|Any CPU
		{BEEAD289-53E3-4250-A9C5-1D8DAF61815A}.Release|Any CPU.ActiveCfg = Release|Any CPU
		{BEEAD289-53E3-4250-A9C5-1D8DAF61815A}.Release|Any CPU.Build.0 = Release|Any CPU
		{BEEAD289-53E3-4250-A9C5-1D8DAF61815A}.Release|x64.ActiveCfg = Release|Any CPU
		{BEEAD289-53E3-4250-A9C5-1D8DAF61815A}.Release|x64.Build.0 = Release|Any CPU
		{9C378086-75E1-4A41-9D7A-3E5F7798B91A}.Debug|Any CPU.ActiveCfg = Debug|Any CPU
		{9C378086-75E1-4A41-9D7A-3E5F7798B91A}.Debug|Any CPU.Build.0 = Debug|Any CPU
		{9C378086-75E1-4A41-9D7A-3E5F7798B91A}.Debug|x64.ActiveCfg = Debug|Any CPU
		{9C378086-75E1-4A41-9D7A-3E5F7798B91A}.Debug|x64.Build.0 = Debug|Any CPU
		{9C378086-75E1-4A41-9D7A-3E5F7798B91A}.Release|Any CPU.ActiveCfg = Release|Any CPU
		{9C378086-75E1-4A41-9D7A-3E5F7798B91A}.Release|Any CPU.Build.0 = Release|Any CPU
		{9C378086-75E1-4A41-9D7A-3E5F7798B91A}.Release|x64.ActiveCfg = Release|Any CPU
		{9C378086-75E1-4A41-9D7A-3E5F7798B91A}.Release|x64.Build.0 = Release|Any CPU
		{19B85A59-44B3-4852-8AF8-19CB83B4EC44}.Debug|Any CPU.ActiveCfg = Debug|x64
		{19B85A59-44B3-4852-8AF8-19CB83B4EC44}.Debug|Any CPU.Build.0 = Debug|x64
		{19B85A59-44B3-4852-8AF8-19CB83B4EC44}.Debug|x64.ActiveCfg = Debug|x64
		{19B85A59-44B3-4852-8AF8-19CB83B4EC44}.Debug|x64.Build.0 = Debug|x64
		{19B85A59-44B3-4852-8AF8-19CB83B4EC44}.Release|Any CPU.ActiveCfg = Release|x64
		{19B85A59-44B3-4852-8AF8-19CB83B4EC44}.Release|Any CPU.Build.0 = Release|x64
		{19B85A59-44B3-4852-8AF8-19CB83B4EC44}.Release|x64.ActiveCfg = Release|x64
		{19B85A59-44B3-4852-8AF8-19CB83B4EC44}.Release|x64.Build.0 = Release|x64
		{786D15F8-9AC5-498F-9CC6-2E2FD345F16D}.Debug|Any CPU.ActiveCfg = Debug|Any CPU
		{786D15F8-9AC5-498F-9CC6-2E2FD345F16D}.Debug|Any CPU.Build.0 = Debug|Any CPU
		{786D15F8-9AC5-498F-9CC6-2E2FD345F16D}.Debug|x64.ActiveCfg = Debug|Any CPU
		{786D15F8-9AC5-498F-9CC6-2E2FD345F16D}.Debug|x64.Build.0 = Debug|Any CPU
		{786D15F8-9AC5-498F-9CC6-2E2FD345F16D}.Release|Any CPU.ActiveCfg = Release|Any CPU
		{786D15F8-9AC5-498F-9CC6-2E2FD345F16D}.Release|Any CPU.Build.0 = Release|Any CPU
		{786D15F8-9AC5-498F-9CC6-2E2FD345F16D}.Release|x64.ActiveCfg = Release|Any CPU
		{786D15F8-9AC5-498F-9CC6-2E2FD345F16D}.Release|x64.Build.0 = Release|Any CPU
		{AA98AA9C-BE17-4F14-A7A6-1DEA32B8E7C6}.Debug|Any CPU.ActiveCfg = Debug|Any CPU
		{AA98AA9C-BE17-4F14-A7A6-1DEA32B8E7C6}.Debug|Any CPU.Build.0 = Debug|Any CPU
		{AA98AA9C-BE17-4F14-A7A6-1DEA32B8E7C6}.Debug|x64.ActiveCfg = Debug|Any CPU
		{AA98AA9C-BE17-4F14-A7A6-1DEA32B8E7C6}.Debug|x64.Build.0 = Debug|Any CPU
		{AA98AA9C-BE17-4F14-A7A6-1DEA32B8E7C6}.Release|Any CPU.ActiveCfg = Release|Any CPU
		{AA98AA9C-BE17-4F14-A7A6-1DEA32B8E7C6}.Release|Any CPU.Build.0 = Release|Any CPU
		{AA98AA9C-BE17-4F14-A7A6-1DEA32B8E7C6}.Release|x64.ActiveCfg = Release|Any CPU
		{AA98AA9C-BE17-4F14-A7A6-1DEA32B8E7C6}.Release|x64.Build.0 = Release|Any CPU
		{EE936AA9-B073-47BF-BA40-EC415FDAE483}.Debug|Any CPU.ActiveCfg = Debug|Any CPU
		{EE936AA9-B073-47BF-BA40-EC415FDAE483}.Debug|Any CPU.Build.0 = Debug|Any CPU
		{EE936AA9-B073-47BF-BA40-EC415FDAE483}.Debug|x64.ActiveCfg = Debug|Any CPU
		{EE936AA9-B073-47BF-BA40-EC415FDAE483}.Debug|x64.Build.0 = Debug|Any CPU
		{EE936AA9-B073-47BF-BA40-EC415FDAE483}.Release|Any CPU.ActiveCfg = Release|Any CPU
		{EE936AA9-B073-47BF-BA40-EC415FDAE483}.Release|Any CPU.Build.0 = Release|Any CPU
		{EE936AA9-B073-47BF-BA40-EC415FDAE483}.Release|x64.ActiveCfg = Release|Any CPU
		{EE936AA9-B073-47BF-BA40-EC415FDAE483}.Release|x64.Build.0 = Release|Any CPU
		{1ADEED59-70EC-42EE-B445-E013DAC91685}.Debug|Any CPU.ActiveCfg = Debug|Any CPU
		{1ADEED59-70EC-42EE-B445-E013DAC91685}.Debug|Any CPU.Build.0 = Debug|Any CPU
		{1ADEED59-70EC-42EE-B445-E013DAC91685}.Debug|x64.ActiveCfg = Debug|Any CPU
		{1ADEED59-70EC-42EE-B445-E013DAC91685}.Debug|x64.Build.0 = Debug|Any CPU
		{1ADEED59-70EC-42EE-B445-E013DAC91685}.Release|Any CPU.ActiveCfg = Release|Any CPU
		{1ADEED59-70EC-42EE-B445-E013DAC91685}.Release|Any CPU.Build.0 = Release|Any CPU
		{1ADEED59-70EC-42EE-B445-E013DAC91685}.Release|x64.ActiveCfg = Release|Any CPU
		{1ADEED59-70EC-42EE-B445-E013DAC91685}.Release|x64.Build.0 = Release|Any CPU
		{1AD07AA4-AADE-4FC7-9160-F2C46F577BDA}.Debug|Any CPU.ActiveCfg = Debug|Any CPU
		{1AD07AA4-AADE-4FC7-9160-F2C46F577BDA}.Debug|Any CPU.Build.0 = Debug|Any CPU
		{1AD07AA4-AADE-4FC7-9160-F2C46F577BDA}.Debug|x64.ActiveCfg = Debug|Any CPU
		{1AD07AA4-AADE-4FC7-9160-F2C46F577BDA}.Debug|x64.Build.0 = Debug|Any CPU
		{1AD07AA4-AADE-4FC7-9160-F2C46F577BDA}.Release|Any CPU.ActiveCfg = Release|Any CPU
		{1AD07AA4-AADE-4FC7-9160-F2C46F577BDA}.Release|Any CPU.Build.0 = Release|Any CPU
		{1AD07AA4-AADE-4FC7-9160-F2C46F577BDA}.Release|x64.ActiveCfg = Release|Any CPU
		{1AD07AA4-AADE-4FC7-9160-F2C46F577BDA}.Release|x64.Build.0 = Release|Any CPU
		{DDD2EAAA-39D0-47B1-AE38-16003D216FBC}.Debug|Any CPU.ActiveCfg = Debug|Any CPU
		{DDD2EAAA-39D0-47B1-AE38-16003D216FBC}.Debug|Any CPU.Build.0 = Debug|Any CPU
		{DDD2EAAA-39D0-47B1-AE38-16003D216FBC}.Debug|x64.ActiveCfg = Debug|Any CPU
		{DDD2EAAA-39D0-47B1-AE38-16003D216FBC}.Debug|x64.Build.0 = Debug|Any CPU
		{DDD2EAAA-39D0-47B1-AE38-16003D216FBC}.Release|Any CPU.ActiveCfg = Release|Any CPU
		{DDD2EAAA-39D0-47B1-AE38-16003D216FBC}.Release|Any CPU.Build.0 = Release|Any CPU
		{DDD2EAAA-39D0-47B1-AE38-16003D216FBC}.Release|x64.ActiveCfg = Release|Any CPU
		{DDD2EAAA-39D0-47B1-AE38-16003D216FBC}.Release|x64.Build.0 = Release|Any CPU
		{55425A30-D780-42F0-9222-6FCDA233DFE6}.Debug|Any CPU.ActiveCfg = Debug|Any CPU
		{55425A30-D780-42F0-9222-6FCDA233DFE6}.Debug|Any CPU.Build.0 = Debug|Any CPU
		{55425A30-D780-42F0-9222-6FCDA233DFE6}.Debug|x64.ActiveCfg = Debug|Any CPU
		{55425A30-D780-42F0-9222-6FCDA233DFE6}.Debug|x64.Build.0 = Debug|Any CPU
		{55425A30-D780-42F0-9222-6FCDA233DFE6}.Release|Any CPU.ActiveCfg = Release|Any CPU
		{55425A30-D780-42F0-9222-6FCDA233DFE6}.Release|Any CPU.Build.0 = Release|Any CPU
		{55425A30-D780-42F0-9222-6FCDA233DFE6}.Release|x64.ActiveCfg = Release|Any CPU
		{55425A30-D780-42F0-9222-6FCDA233DFE6}.Release|x64.Build.0 = Release|Any CPU
	EndGlobalSection
	GlobalSection(SolutionProperties) = preSolution
		HideSolutionNode = FALSE
	EndGlobalSection
	GlobalSection(ExtensibilityGlobals) = postSolution
		SolutionGuid = {CA3D3B12-2BB5-4E6C-A36B-7AE70B3E8BA5}
	EndGlobalSection
	GlobalSection(NestedProjects) = preSolution
		{A4970C96-8C1A-4AFF-9672-F13ECC329D62} = {1E432EFF-124E-470D-99FB-AB09D3CB9BFE}
		{786D15F8-9AC5-498F-9CC6-2E2FD345F16D} = {A4970C96-8C1A-4AFF-9672-F13ECC329D62}
		{36A53F70-D663-41AE-8096-074AC8B58C78} = {1E432EFF-124E-470D-99FB-AB09D3CB9BFE}
		{AA98AA9C-BE17-4F14-A7A6-1DEA32B8E7C6} = {36A53F70-D663-41AE-8096-074AC8B58C78}
		{F684937F-A69A-4E6D-A9A1-2400178A9157} = {1E432EFF-124E-470D-99FB-AB09D3CB9BFE}
		{EE936AA9-B073-47BF-BA40-EC415FDAE483} = {F684937F-A69A-4E6D-A9A1-2400178A9157}
		{BB4C2430-3A1B-4BCA-8E66-BDFCBF03F151} = {1E432EFF-124E-470D-99FB-AB09D3CB9BFE}
		{1ADEED59-70EC-42EE-B445-E013DAC91685} = {BB4C2430-3A1B-4BCA-8E66-BDFCBF03F151}
		{C28C0932-F036-4E63-8F38-CE7620B83092} = {1E432EFF-124E-470D-99FB-AB09D3CB9BFE}
		{1AD07AA4-AADE-4FC7-9160-F2C46F577BDA} = {C28C0932-F036-4E63-8F38-CE7620B83092}
		{E5CCA5BB-6E58-4B38-8C40-67904704CA89} = {1E432EFF-124E-470D-99FB-AB09D3CB9BFE}
		{DDD2EAAA-39D0-47B1-AE38-16003D216FBC} = {E5CCA5BB-6E58-4B38-8C40-67904704CA89}
		{4E365613-03C6-4A07-BC53-D6D2AA7EF21C} = {1E432EFF-124E-470D-99FB-AB09D3CB9BFE}
		{55425A30-D780-42F0-9222-6FCDA233DFE6} = {4E365613-03C6-4A07-BC53-D6D2AA7EF21C}
	EndGlobalSection
EndGlobal
